{
  "version": 4,
  "terraform_version": "1.11.4",
  "serial": 15,
  "lineage": "30a79b38-4daf-cf93-8beb-9ff207442f67",
  "outputs": {
    "minecraft_connect": {
      "value": "Connect to the Minecraft server at: 52.67.210.189:25565",
      "type": "string"
    },
    "public_ip": {
      "value": "52.67.210.189",
      "type": "string"
    },
    "ssh_command": {
      "value": "ssh -i minecraft_key.pem ubuntu@52.67.210.189",
      "type": "string"
    }
  },
  "resources": [
    {
      "mode": "data",
      "type": "aws_ami",
      "name": "ubuntu",
      "provider": "provider[\"registry.terraform.io/hashicorp/aws\"]",
      "instances": [
        {
          "schema_version": 0,
          "attributes": {
            "architecture": "x86_64",
            "arn": "arn:aws:ec2:sa-east-1::image/ami-05369c5db66acdf79",
            "block_device_mappings": [
              {
                "device_name": "/dev/sda1",
                "ebs": {
                  "delete_on_termination": "true",
                  "encrypted": "false",
                  "iops": "0",
                  "snapshot_id": "snap-0f6f84f030bc7d783",
                  "throughput": "0",
                  "volume_size": "8",
                  "volume_type": "gp2"
                },
                "no_device": "",
                "virtual_name": ""
              },
              {
                "device_name": "/dev/sdb",
                "ebs": {},
                "no_device": "",
                "virtual_name": "ephemeral0"
              },
              {
                "device_name": "/dev/sdc",
                "ebs": {},
                "no_device": "",
                "virtual_name": "ephemeral1"
              }
            ],
            "boot_mode": "legacy-bios",
            "creation_date": "2025-05-08T11:46:18.000Z",
            "deprecation_time": "2027-05-08T11:46:18.000Z",
            "description": "Canonical, Ubuntu, 20.04, amd64 focal image",
            "ena_support": true,
            "executable_users": null,
            "filter": [
              {
                "name": "name",
                "values": [
                  "ubuntu/images/hvm-ssd/ubuntu-focal-20.04-amd64-server-*"
                ]
              },
              {
                "name": "virtualization-type",
                "values": [
                  "hvm"
                ]
              }
            ],
            "hypervisor": "xen",
            "id": "ami-05369c5db66acdf79",
            "image_id": "ami-05369c5db66acdf79",
            "image_location": "amazon/ubuntu/images/hvm-ssd/ubuntu-focal-20.04-amd64-server-20250508.1",
            "image_owner_alias": "amazon",
            "image_type": "machine",
            "imds_support": "",
            "include_deprecated": false,
            "kernel_id": "",
            "last_launched_time": "",
            "most_recent": true,
            "name": "ubuntu/images/hvm-ssd/ubuntu-focal-20.04-amd64-server-20250508.1",
            "name_regex": null,
            "owner_id": "099720109477",
            "owners": [
              "099720109477"
            ],
            "platform": "",
            "platform_details": "Linux/UNIX",
            "product_codes": [],
            "public": true,
            "ramdisk_id": "",
            "root_device_name": "/dev/sda1",
            "root_device_type": "ebs",
            "root_snapshot_id": "snap-0f6f84f030bc7d783",
            "sriov_net_support": "simple",
            "state": "available",
            "state_reason": {
              "code": "UNSET",
              "message": "UNSET"
            },
            "tags": {},
            "timeouts": null,
            "tpm_support": "",
            "uefi_data": null,
            "usage_operation": "RunInstances",
            "virtualization_type": "hvm"
          },
          "sensitive_attributes": []
        }
      ]
    },
    {
      "mode": "managed",
      "type": "aws_instance",
      "name": "minecraft_server",
      "provider": "provider[\"registry.terraform.io/hashicorp/aws\"]",
      "instances": [
        {
          "schema_version": 1,
          "attributes": {
            "ami": "ami-05369c5db66acdf79",
            "arn": "arn:aws:ec2:sa-east-1:841162679533:instance/i-07db54f9e93752c08",
            "associate_public_ip_address": true,
            "availability_zone": "sa-east-1a",
            "capacity_reservation_specification": [
              {
                "capacity_reservation_preference": "open",
                "capacity_reservation_target": []
              }
            ],
            "cpu_core_count": 2,
            "cpu_options": [
              {
                "amd_sev_snp": "",
                "core_count": 2,
                "threads_per_core": 1
              }
            ],
            "cpu_threads_per_core": 1,
            "credit_specification": [
              {
                "cpu_credits": "standard"
              }
            ],
            "disable_api_stop": false,
            "disable_api_termination": false,
            "ebs_block_device": [],
            "ebs_optimized": false,
            "enable_primary_ipv6": null,
            "enclave_options": [
              {
                "enabled": false
              }
            ],
            "ephemeral_block_device": [],
            "get_password_data": false,
            "hibernation": false,
            "host_id": "",
            "host_resource_group_arn": null,
            "iam_instance_profile": "",
            "id": "i-07db54f9e93752c08",
            "instance_initiated_shutdown_behavior": "stop",
            "instance_lifecycle": "",
            "instance_market_options": [],
            "instance_state": "running",
            "instance_type": "t2.medium",
            "ipv6_address_count": 0,
            "ipv6_addresses": [],
            "key_name": "minecraft-keypair",
            "launch_template": [],
            "maintenance_options": [
              {
                "auto_recovery": "default"
              }
            ],
            "metadata_options": [
              {
                "http_endpoint": "enabled",
                "http_protocol_ipv6": "disabled",
                "http_put_response_hop_limit": 1,
                "http_tokens": "optional",
                "instance_metadata_tags": "disabled"
              }
            ],
            "monitoring": false,
            "network_interface": [],
            "outpost_arn": "",
            "password_data": "",
            "placement_group": "",
            "placement_partition_number": 0,
            "primary_network_interface_id": "eni-044720327b0e68987",
            "private_dns": "ip-10-0-1-178.sa-east-1.compute.internal",
            "private_dns_name_options": [
              {
                "enable_resource_name_dns_a_record": false,
                "enable_resource_name_dns_aaaa_record": false,
                "hostname_type": "ip-name"
              }
            ],
            "private_ip": "10.0.1.178",
            "public_dns": "ec2-52-67-210-189.sa-east-1.compute.amazonaws.com",
            "public_ip": "52.67.210.189",
            "root_block_device": [
              {
                "delete_on_termination": true,
                "device_name": "/dev/sda1",
                "encrypted": false,
                "iops": 100,
                "kms_key_id": "",
                "tags": {},
                "tags_all": {},
                "throughput": 0,
                "volume_id": "vol-0daa0ec2484d1184f",
                "volume_size": 20,
                "volume_type": "gp2"
              }
            ],
            "secondary_private_ips": [],
            "security_groups": [],
            "source_dest_check": true,
            "spot_instance_request_id": "",
            "subnet_id": "subnet-0773ec60134a3b37c",
            "tags": {
              "Name": "minecraft-server"
            },
            "tags_all": {
              "Name": "minecraft-server"
            },
            "tenancy": "default",
            "timeouts": null,
            "user_data": null,
            "user_data_base64": null,
            "user_data_replace_on_change": false,
            "volume_tags": null,
            "vpc_security_group_ids": [
              "sg-0142d5e97e17193da"
            ]
          },
          "sensitive_attributes": [],
          "private": "eyJlMmJmYjczMC1lY2FhLTExZTYtOGY4OC0zNDM2M2JjN2M0YzAiOnsiY3JlYXRlIjo2MDAwMDAwMDAwMDAsImRlbGV0ZSI6MTIwMDAwMDAwMDAwMCwicmVhZCI6OTAwMDAwMDAwMDAwLCJ1cGRhdGUiOjYwMDAwMDAwMDAwMH0sInNjaGVtYV92ZXJzaW9uIjoiMSJ9",
          "dependencies": [
            "aws_internet_gateway.minecraft_igw",
            "aws_key_pair.minecraft_keypair",
            "aws_route_table.minecraft_route_table",
            "aws_route_table_association.minecraft_rta",
            "aws_security_group.minecraft_sg",
            "aws_subnet.minecraft_subnet",
            "aws_vpc.minecraft_vpc",
            "data.aws_ami.ubuntu",
            "tls_private_key.minecraft_key"
          ]
        }
      ]
    },
    {
      "mode": "managed",
      "type": "aws_internet_gateway",
      "name": "minecraft_igw",
      "provider": "provider[\"registry.terraform.io/hashicorp/aws\"]",
      "instances": [
        {
          "schema_version": 0,
          "attributes": {
            "arn": "arn:aws:ec2:sa-east-1:841162679533:internet-gateway/igw-0761988c371aa9f93",
            "id": "igw-0761988c371aa9f93",
            "owner_id": "841162679533",
            "tags": {
              "Name": "minecraft-igw"
            },
            "tags_all": {
              "Name": "minecraft-igw"
            },
            "timeouts": null,
            "vpc_id": "vpc-0c856765ce8a0dff9"
          },
          "sensitive_attributes": [],
          "private": "eyJlMmJmYjczMC1lY2FhLTExZTYtOGY4OC0zNDM2M2JjN2M0YzAiOnsiY3JlYXRlIjoxMjAwMDAwMDAwMDAwLCJkZWxldGUiOjEyMDAwMDAwMDAwMDAsInVwZGF0ZSI6MTIwMDAwMDAwMDAwMH19",
          "dependencies": [
            "aws_vpc.minecraft_vpc"
          ]
        }
      ]
    },
    {
      "mode": "managed",
      "type": "aws_key_pair",
      "name": "minecraft_keypair",
      "provider": "provider[\"registry.terraform.io/hashicorp/aws\"]",
      "instances": [
        {
          "schema_version": 1,
          "attributes": {
            "arn": "arn:aws:ec2:sa-east-1:841162679533:key-pair/minecraft-keypair",
            "fingerprint": "c1:7a:f4:44:c3:b9:a0:49:a5:60:b1:aa:d2:b7:98:58",
            "id": "minecraft-keypair",
            "key_name": "minecraft-keypair",
            "key_name_prefix": "",
            "key_pair_id": "key-032b66e47193e1292",
            "key_type": "rsa",
            "public_key": "ssh-rsa AAAAB3NzaC1yc2EAAAADAQABAAABAQDj0emdkZ4NX601Ftc+gcy855+NIHgcyDDZVDYBTZJqdG/X2NzbQ543bjB7lCfxRlwQsE5BxRwUjhQhk+6EVIvG17QtWr1s06jd188riauHNJqGR1hv+e1hOjcihh8fFhwgx6W0UnF9jAl07f+QjpI8Pdamr96MZKVGIvwhVhJx8yZppOfpBosgucd5PSKb2+iI9QWCHahaIjalaGm2n8zS+SbfjaXI363giog4v3mreL1BBpsk0cMcPnNLjyjF9gJ3TzNJvkyhhvZN4jDzhxtU93jeHZAhQMre34Y5pX6Audi2jiaw2R3QGYjcohTdDyN0UOlE6cLIU9wC01I1oKiR",
            "tags": {},
            "tags_all": {}
          },
          "sensitive_attributes": [],
          "private": "eyJzY2hlbWFfdmVyc2lvbiI6IjEifQ==",
          "dependencies": [
            "tls_private_key.minecraft_key"
          ]
        }
      ]
    },
    {
      "mode": "managed",
      "type": "aws_route_table",
      "name": "minecraft_route_table",
      "provider": "provider[\"registry.terraform.io/hashicorp/aws\"]",
      "instances": [
        {
          "schema_version": 0,
          "attributes": {
            "arn": "arn:aws:ec2:sa-east-1:841162679533:route-table/rtb-07ff89f1cd4a9b3d5",
            "id": "rtb-07ff89f1cd4a9b3d5",
            "owner_id": "841162679533",
            "propagating_vgws": [],
            "route": [
              {
                "carrier_gateway_id": "",
                "cidr_block": "0.0.0.0/0",
                "core_network_arn": "",
                "destination_prefix_list_id": "",
                "egress_only_gateway_id": "",
                "gateway_id": "igw-0761988c371aa9f93",
                "ipv6_cidr_block": "",
                "local_gateway_id": "",
                "nat_gateway_id": "",
                "network_interface_id": "",
                "transit_gateway_id": "",
                "vpc_endpoint_id": "",
                "vpc_peering_connection_id": ""
              }
            ],
            "tags": {
              "Name": "minecraft-route-table"
            },
            "tags_all": {
              "Name": "minecraft-route-table"
            },
            "timeouts": null,
            "vpc_id": "vpc-0c856765ce8a0dff9"
          },
          "sensitive_attributes": [],
          "private": "eyJlMmJmYjczMC1lY2FhLTExZTYtOGY4OC0zNDM2M2JjN2M0YzAiOnsiY3JlYXRlIjozMDAwMDAwMDAwMDAsImRlbGV0ZSI6MzAwMDAwMDAwMDAwLCJ1cGRhdGUiOjEyMDAwMDAwMDAwMH19",
          "dependencies": [
            "aws_internet_gateway.minecraft_igw",
            "aws_vpc.minecraft_vpc"
          ]
        }
      ]
    },
    {
      "mode": "managed",
      "type": "aws_route_table_association",
      "name": "minecraft_rta",
      "provider": "provider[\"registry.terraform.io/hashicorp/aws\"]",
      "instances": [
        {
          "schema_version": 0,
          "attributes": {
            "gateway_id": "",
            "id": "rtbassoc-0775868b1b91e4504",
            "route_table_id": "rtb-07ff89f1cd4a9b3d5",
            "subnet_id": "subnet-0773ec60134a3b37c",
            "timeouts": null
          },
          "sensitive_attributes": [],
          "private": "eyJlMmJmYjczMC1lY2FhLTExZTYtOGY4OC0zNDM2M2JjN2M0YzAiOnsiY3JlYXRlIjozMDAwMDAwMDAwMDAsImRlbGV0ZSI6MzAwMDAwMDAwMDAwLCJ1cGRhdGUiOjEyMDAwMDAwMDAwMH19",
          "dependencies": [
            "aws_internet_gateway.minecraft_igw",
            "aws_route_table.minecraft_route_table",
            "aws_subnet.minecraft_subnet",
            "aws_vpc.minecraft_vpc"
          ]
        }
      ]
    },
    {
      "mode": "managed",
      "type": "aws_security_group",
      "name": "minecraft_sg",
      "provider": "provider[\"registry.terraform.io/hashicorp/aws\"]",
      "instances": [
        {
          "schema_version": 1,
          "attributes": {
            "arn": "arn:aws:ec2:sa-east-1:841162679533:security-group/sg-0142d5e97e17193da",
            "description": "Allow Minecraft and SSH traffic",
            "egress": [
              {
                "cidr_blocks": [
                  "0.0.0.0/0"
                ],
                "description": "",
                "from_port": 0,
                "ipv6_cidr_blocks": [],
                "prefix_list_ids": [],
                "protocol": "-1",
                "security_groups": [],
                "self": false,
                "to_port": 0
              }
            ],
            "id": "sg-0142d5e97e17193da",
            "ingress": [
              {
                "cidr_blocks": [
                  "0.0.0.0/0"
                ],
                "description": "",
                "from_port": 22,
                "ipv6_cidr_blocks": [],
                "prefix_list_ids": [],
                "protocol": "tcp",
                "security_groups": [],
                "self": false,
                "to_port": 22
              },
              {
                "cidr_blocks": [
                  "0.0.0.0/0"
                ],
                "description": "",
                "from_port": 25565,
                "ipv6_cidr_blocks": [],
                "prefix_list_ids": [],
                "protocol": "tcp",
                "security_groups": [],
                "self": false,
                "to_port": 25565
              }
            ],
            "name": "minecraft-sg",
            "name_prefix": "",
            "owner_id": "841162679533",
            "revoke_rules_on_delete": false,
            "tags": {
              "Name": "minecraft-sg"
            },
            "tags_all": {
              "Name": "minecraft-sg"
            },
            "timeouts": null,
            "vpc_id": "vpc-0c856765ce8a0dff9"
          },
          "sensitive_attributes": [],
          "private": "eyJlMmJmYjczMC1lY2FhLTExZTYtOGY4OC0zNDM2M2JjN2M0YzAiOnsiY3JlYXRlIjo2MDAwMDAwMDAwMDAsImRlbGV0ZSI6OTAwMDAwMDAwMDAwfSwic2NoZW1hX3ZlcnNpb24iOiIxIn0=",
          "dependencies": [
            "aws_vpc.minecraft_vpc"
          ]
        }
      ]
    },
    {
      "mode": "managed",
      "type": "aws_subnet",
      "name": "minecraft_subnet",
      "provider": "provider[\"registry.terraform.io/hashicorp/aws\"]",
      "instances": [
        {
          "schema_version": 1,
          "attributes": {
            "arn": "arn:aws:ec2:sa-east-1:841162679533:subnet/subnet-0773ec60134a3b37c",
            "assign_ipv6_address_on_creation": false,
            "availability_zone": "sa-east-1a",
            "availability_zone_id": "sae1-az1",
            "cidr_block": "10.0.1.0/24",
            "customer_owned_ipv4_pool": "",
            "enable_dns64": false,
            "enable_lni_at_device_index": 0,
            "enable_resource_name_dns_a_record_on_launch": false,
            "enable_resource_name_dns_aaaa_record_on_launch": false,
            "id": "subnet-0773ec60134a3b37c",
            "ipv6_cidr_block": "",
            "ipv6_cidr_block_association_id": "",
            "ipv6_native": false,
            "map_customer_owned_ip_on_launch": false,
            "map_public_ip_on_launch": true,
            "outpost_arn": "",
            "owner_id": "841162679533",
            "private_dns_hostname_type_on_launch": "ip-name",
            "tags": {
              "Name": "minecraft-subnet"
            },
            "tags_all": {
              "Name": "minecraft-subnet"
            },
            "timeouts": null,
            "vpc_id": "vpc-0c856765ce8a0dff9"
          },
          "sensitive_attributes": [],
          "private": "eyJlMmJmYjczMC1lY2FhLTExZTYtOGY4OC0zNDM2M2JjN2M0YzAiOnsiY3JlYXRlIjo2MDAwMDAwMDAwMDAsImRlbGV0ZSI6MTIwMDAwMDAwMDAwMH0sInNjaGVtYV92ZXJzaW9uIjoiMSJ9",
          "dependencies": [
            "aws_vpc.minecraft_vpc"
          ]
        }
      ]
    },
    {
      "mode": "managed",
      "type": "aws_vpc",
      "name": "minecraft_vpc",
      "provider": "provider[\"registry.terraform.io/hashicorp/aws\"]",
      "instances": [
        {
          "schema_version": 1,
          "attributes": {
            "arn": "arn:aws:ec2:sa-east-1:841162679533:vpc/vpc-0c856765ce8a0dff9",
            "assign_generated_ipv6_cidr_block": false,
            "cidr_block": "10.0.0.0/16",
            "default_network_acl_id": "acl-05fb2c5a862f52b3c",
            "default_route_table_id": "rtb-0881d6a19cdeb5a2c",
            "default_security_group_id": "sg-0849401cc2671d829",
            "dhcp_options_id": "dopt-01f4132d3de83378c",
            "enable_dns_hostnames": true,
            "enable_dns_support": true,
            "enable_network_address_usage_metrics": false,
            "id": "vpc-0c856765ce8a0dff9",
            "instance_tenancy": "default",
            "ipv4_ipam_pool_id": null,
            "ipv4_netmask_length": null,
            "ipv6_association_id": "",
            "ipv6_cidr_block": "",
            "ipv6_cidr_block_network_border_group": "",
            "ipv6_ipam_pool_id": "",
            "ipv6_netmask_length": 0,
            "main_route_table_id": "rtb-0881d6a19cdeb5a2c",
            "owner_id": "841162679533",
            "tags": {
              "Name": "minecraft-vpc"
            },
            "tags_all": {
              "Name": "minecraft-vpc"
            }
          },
          "sensitive_attributes": [],
          "private": "eyJzY2hlbWFfdmVyc2lvbiI6IjEifQ=="
        }
      ]
    },
    {
      "mode": "managed",
      "type": "local_file",
      "name": "private_key",
      "provider": "provider[\"registry.terraform.io/hashicorp/local\"]",
      "instances": [
        {
          "schema_version": 0,
          "attributes": {
            "content": "-----BEGIN RSA PRIVATE KEY-----\nMIIEowIBAAKCAQEA49HpnZGeDV+tNRbXPoHMvOefjSB4HMgw2VQ2AU2SanRv19jc\n20OeN24we5Qn8UZcELBOQcUcFI4UIZPuhFSLxte0LVq9bNOo3dfPK4mrhzSahkdY\nb/ntYTo3IoYfHxYcIMeltFJxfYwJdO3/kI6SPD3Wpq/ejGSlRiL8IVYScfMmaaTn\n6QaLILnHeT0im9voiPUFgh2oWiI2pWhptp/M0vkm342lyN+t4IqIOL95q3i9QQab\nJNHDHD5zS48oxfYCd08zSb5MoYb2TeIw84cbVPd43h2QIUDK3t+GOaV+gLnYto4m\nsNkd0BmI3KIU3Q8jdFDpROnCyFPcAtNSNaCokQIDAQABAoIBAF0+Adaazcx9dz++\nTHRp3akHR9cUDfUBvnSEseHQpPdrFoeKW8JmJ3Baaf96QOrQOEggULc8fGSxTe38\nROfmTpsgl77kX5kV/AxoEoOoQgsBbak9tCWIbi6YDA7WRBCOFQ8Zh2mJQKf407oG\n2s2IfLOpP5xTaMufOcG9+eGO/9egvkQaAsjHVRC3zcSTU1G+gdQ4YUeASf9P6s8N\n5Z15VoGcq/QO5sZAZUd/EQNtCyFzuMv6d7BSWJaJPEISN+q45b/z92NjXe5V7J8Y\nxzLgJGRLjWaIAkyYOl8/w3hKj9zc80xhrTeLuNHkvOfmtvJWtKhmtqo0z57vNR6x\nzxl7XP0CgYEA9kE8kY4B92xSBoElEFR+9WkM2sHgEfE1ltv88BVHID0Gy4v2stCa\njhUTx6wBtpTUxDxUUD9LTaBUeCtQ5fwb3EjLlJ7zK+2PPhhU+BUtc1g0aMkPgRyW\n0EGPGhrZRtOTuBXH7cHkDjrBxJ43T9SMdckhrKlmzAxv0ji/ipBggk8CgYEA7NXq\nbH19Z/a/SYMfDJIdHReoqmnLcg0EFRB38VtXW3Y4eLI18esiwrQCxw3aQ8t0M9AC\nwvjmOYn7zTnHTdJsqjS4cV4jVK7G7kkahNoec7D7leh4g7x1TkEFm/bOz98JltZi\nKpsOXkI1d5lYykW9JTASgi8xDvWMSiyojfB9zx8CgYAyOfYXngZKp95HE1oy7XkD\npwyHJdoE7tTGU1JQyZY7Phc/tul3aVLMvgHNzQiAa/TFnaR4xaAfUh9Ib1VNw1EP\nag2T36OrhwWbXa0e+HrPtuLhqHiwFduw2F5OrcE5T/gmKNMhbFWOjW9uIfMYJjsL\n3x0uMVMVNUgtcYOnyHDWwwKBgAMX6C/yk6i/+E+lfspTPj4bCQDw0M90jBEaXfax\nErsHGEW7TikSwSl54G9pJuirx6DFnsOdLKSjwL41evzxOqoedipE6IE6py6FlesW\nTj+EmESk/K370CxtfP1Eg/8DEsT9l9qmm9FvW/Nr9VTvBEFwF03MAAAKBQMTAkCY\nW4xRAoGBAKKVSXFnYLcOgYmDw/L6ZvxYlNm3MCTJQRzESp9yVlTfWNbXEIiShzDJ\nooScJ6oYs4hM7IVtmHFizX4ZH31FTBchRFm1KO+HjyogdLf30CDXcCSmH788QVap\nX5msB+Rf9kEP0ezAUp1KxhRd+BP3ezLQXP35HJV2AmD1TnRiVkNJ\n-----END RSA PRIVATE KEY-----\n",
            "content_base64": null,
            "content_base64sha256": "J/ARFeZa1TsflFO50urScf3Ph+Bmj2sBfINPu4g6gDs=",
            "content_base64sha512": "LGhS78IA/Jx7SFtKT/p9WIpI2M5KXF9ytwBUZEe4Kd7i3tIfYjRTjh7WFklbuLuaG5GJZFcjjmzsbGzkyJ2Org==",
            "content_md5": "e435b8ba8cf1376d73f03d3d96df1b8a",
            "content_sha1": "bb1b8f0d12ec453176df58a3e31db7af5b41bebe",
            "content_sha256": "27f01115e65ad53b1f9453b9d2ead271fdcf87e0668f6b017c834fbb883a803b",
            "content_sha512": "2c6852efc200fc9c7b485b4a4ffa7d588a48d8ce4a5c5f72b700546447b829dee2ded21f6234538e1ed616495bb8bb9a1b91896457238e6cec6c6ce4c89d8eae",
            "directory_permission": "0777",
            "file_permission": "0400",
            "filename": "minecraft_key.pem",
            "id": "bb1b8f0d12ec453176df58a3e31db7af5b41bebe",
            "sensitive_content": null,
            "source": null
          },
          "sensitive_attributes": [
            [
              {
                "type": "get_attr",
                "value": "sensitive_content"
              }
            ],
            [
              {
                "type": "get_attr",
                "value": "content"
              }
            ]
          ],
          "dependencies": [
            "tls_private_key.minecraft_key"
          ]
        }
      ]
    },
    {
      "mode": "managed",
      "type": "tls_private_key",
      "name": "minecraft_key",
      "provider": "provider[\"registry.terraform.io/hashicorp/tls\"]",
      "instances": [
        {
          "schema_version": 1,
          "attributes": {
            "algorithm": "RSA",
            "ecdsa_curve": "P224",
            "id": "b817e9e2e7eacd1229a5869e6eb03c60b633353b",
            "private_key_openssh": "-----BEGIN OPENSSH PRIVATE KEY-----\nb3BlbnNzaC1rZXktdjEAAAAABG5vbmUAAAAEbm9uZQAAAAAAAAABAAABFwAAAAdz\nc2gtcnNhAAAAAwEAAQAAAQEA49HpnZGeDV+tNRbXPoHMvOefjSB4HMgw2VQ2AU2S\nanRv19jc20OeN24we5Qn8UZcELBOQcUcFI4UIZPuhFSLxte0LVq9bNOo3dfPK4mr\nhzSahkdYb/ntYTo3IoYfHxYcIMeltFJxfYwJdO3/kI6SPD3Wpq/ejGSlRiL8IVYS\ncfMmaaTn6QaLILnHeT0im9voiPUFgh2oWiI2pWhptp/M0vkm342lyN+t4IqIOL95\nq3i9QQabJNHDHD5zS48oxfYCd08zSb5MoYb2TeIw84cbVPd43h2QIUDK3t+GOaV+\ngLnYto4msNkd0BmI3KIU3Q8jdFDpROnCyFPcAtNSNaCokQAAA7h2HyKpdh8iqQAA\nAAdzc2gtcnNhAAABAQDj0emdkZ4NX601Ftc+gcy855+NIHgcyDDZVDYBTZJqdG/X\n2NzbQ543bjB7lCfxRlwQsE5BxRwUjhQhk+6EVIvG17QtWr1s06jd188riauHNJqG\nR1hv+e1hOjcihh8fFhwgx6W0UnF9jAl07f+QjpI8Pdamr96MZKVGIvwhVhJx8yZp\npOfpBosgucd5PSKb2+iI9QWCHahaIjalaGm2n8zS+SbfjaXI363giog4v3mreL1B\nBpsk0cMcPnNLjyjF9gJ3TzNJvkyhhvZN4jDzhxtU93jeHZAhQMre34Y5pX6Audi2\njiaw2R3QGYjcohTdDyN0UOlE6cLIU9wC01I1oKiRAAAAAwEAAQAAAQBdPgHWms3M\nfXc/vkx0ad2pB0fXFA31Ab50hLHh0KT3axaHilvCZidwWmn/ekDq0DhIIFC3PHxk\nsU3t/ETn5k6bIJe+5F+ZFfwMaBKDqEILAW2pPbQliG4umAwO1kQQjhUPGYdpiUCn\n+NO6BtrNiHyzqT+cU2jLnznBvfnhjv/XoL5EGgLIx1UQt83Ek1NRvoHUOGFHgEn/\nT+rPDeWdeVaBnKv0DubGQGVHfxEDbQshc7jL+newUliWiTxCEjfquOW/8/djY13u\nVeyfGMcy4CRkS41miAJMmDpfP8N4So/c3PNMYa03i7jR5Lzn5rbyVrSoZraqNM+e\n7zUesc8Ze1z9AAAAgQCilUlxZ2C3DoGJg8Py+mb8WJTZtzAkyUEcxEqfclZU31jW\n1xCIkocwyaKEnCeqGLOITOyFbZhxYs1+GR99RUwXIURZtSjvh48qIHS399Ag13Ak\nph+/PEFWqV+ZrAfkX/ZBD9HswFKdSsYUXfgT93sy0Fz9+RyVdgJg9U50YlZDSQAA\nAIEA9kE8kY4B92xSBoElEFR+9WkM2sHgEfE1ltv88BVHID0Gy4v2stCajhUTx6wB\ntpTUxDxUUD9LTaBUeCtQ5fwb3EjLlJ7zK+2PPhhU+BUtc1g0aMkPgRyW0EGPGhrZ\nRtOTuBXH7cHkDjrBxJ43T9SMdckhrKlmzAxv0ji/ipBggk8AAACBAOzV6mx9fWf2\nv0mDHwySHR0XqKppy3INBBUQd/FbV1t2OHiyNfHrIsK0AscN2kPLdDPQAsL45jmJ\n+805x03SbKo0uHFeI1Suxu5JGoTaHnOw+5XoeIO8dU5BBZv2zs/fCZbWYiqbDl5C\nNXeZWMpFvSUwEoIvMQ71jEosqI3wfc8fAAAAAAEC\n-----END OPENSSH PRIVATE KEY-----\n",
            "private_key_pem": "-----BEGIN RSA PRIVATE KEY-----\nMIIEowIBAAKCAQEA49HpnZGeDV+tNRbXPoHMvOefjSB4HMgw2VQ2AU2SanRv19jc\n20OeN24we5Qn8UZcELBOQcUcFI4UIZPuhFSLxte0LVq9bNOo3dfPK4mrhzSahkdY\nb/ntYTo3IoYfHxYcIMeltFJxfYwJdO3/kI6SPD3Wpq/ejGSlRiL8IVYScfMmaaTn\n6QaLILnHeT0im9voiPUFgh2oWiI2pWhptp/M0vkm342lyN+t4IqIOL95q3i9QQab\nJNHDHD5zS48oxfYCd08zSb5MoYb2TeIw84cbVPd43h2QIUDK3t+GOaV+gLnYto4m\nsNkd0BmI3KIU3Q8jdFDpROnCyFPcAtNSNaCokQIDAQABAoIBAF0+Adaazcx9dz++\nTHRp3akHR9cUDfUBvnSEseHQpPdrFoeKW8JmJ3Baaf96QOrQOEggULc8fGSxTe38\nROfmTpsgl77kX5kV/AxoEoOoQgsBbak9tCWIbi6YDA7WRBCOFQ8Zh2mJQKf407oG\n2s2IfLOpP5xTaMufOcG9+eGO/9egvkQaAsjHVRC3zcSTU1G+gdQ4YUeASf9P6s8N\n5Z15VoGcq/QO5sZAZUd/EQNtCyFzuMv6d7BSWJaJPEISN+q45b/z92NjXe5V7J8Y\nxzLgJGRLjWaIAkyYOl8/w3hKj9zc80xhrTeLuNHkvOfmtvJWtKhmtqo0z57vNR6x\nzxl7XP0CgYEA9kE8kY4B92xSBoElEFR+9WkM2sHgEfE1ltv88BVHID0Gy4v2stCa\njhUTx6wBtpTUxDxUUD9LTaBUeCtQ5fwb3EjLlJ7zK+2PPhhU+BUtc1g0aMkPgRyW\n0EGPGhrZRtOTuBXH7cHkDjrBxJ43T9SMdckhrKlmzAxv0ji/ipBggk8CgYEA7NXq\nbH19Z/a/SYMfDJIdHReoqmnLcg0EFRB38VtXW3Y4eLI18esiwrQCxw3aQ8t0M9AC\nwvjmOYn7zTnHTdJsqjS4cV4jVK7G7kkahNoec7D7leh4g7x1TkEFm/bOz98JltZi\nKpsOXkI1d5lYykW9JTASgi8xDvWMSiyojfB9zx8CgYAyOfYXngZKp95HE1oy7XkD\npwyHJdoE7tTGU1JQyZY7Phc/tul3aVLMvgHNzQiAa/TFnaR4xaAfUh9Ib1VNw1EP\nag2T36OrhwWbXa0e+HrPtuLhqHiwFduw2F5OrcE5T/gmKNMhbFWOjW9uIfMYJjsL\n3x0uMVMVNUgtcYOnyHDWwwKBgAMX6C/yk6i/+E+lfspTPj4bCQDw0M90jBEaXfax\nErsHGEW7TikSwSl54G9pJuirx6DFnsOdLKSjwL41evzxOqoedipE6IE6py6FlesW\nTj+EmESk/K370CxtfP1Eg/8DEsT9l9qmm9FvW/Nr9VTvBEFwF03MAAAKBQMTAkCY\nW4xRAoGBAKKVSXFnYLcOgYmDw/L6ZvxYlNm3MCTJQRzESp9yVlTfWNbXEIiShzDJ\nooScJ6oYs4hM7IVtmHFizX4ZH31FTBchRFm1KO+HjyogdLf30CDXcCSmH788QVap\nX5msB+Rf9kEP0ezAUp1KxhRd+BP3ezLQXP35HJV2AmD1TnRiVkNJ\n-----END RSA PRIVATE KEY-----\n",
            "private_key_pem_pkcs8": "-----BEGIN PRIVATE KEY-----\nMIIEvQIBADANBgkqhkiG9w0BAQEFAASCBKcwggSjAgEAAoIBAQDj0emdkZ4NX601\nFtc+gcy855+NIHgcyDDZVDYBTZJqdG/X2NzbQ543bjB7lCfxRlwQsE5BxRwUjhQh\nk+6EVIvG17QtWr1s06jd188riauHNJqGR1hv+e1hOjcihh8fFhwgx6W0UnF9jAl0\n7f+QjpI8Pdamr96MZKVGIvwhVhJx8yZppOfpBosgucd5PSKb2+iI9QWCHahaIjal\naGm2n8zS+SbfjaXI363giog4v3mreL1BBpsk0cMcPnNLjyjF9gJ3TzNJvkyhhvZN\n4jDzhxtU93jeHZAhQMre34Y5pX6Audi2jiaw2R3QGYjcohTdDyN0UOlE6cLIU9wC\n01I1oKiRAgMBAAECggEAXT4B1prNzH13P75MdGndqQdH1xQN9QG+dISx4dCk92sW\nh4pbwmYncFpp/3pA6tA4SCBQtzx8ZLFN7fxE5+ZOmyCXvuRfmRX8DGgSg6hCCwFt\nqT20JYhuLpgMDtZEEI4VDxmHaYlAp/jTugbazYh8s6k/nFNoy585wb354Y7/16C+\nRBoCyMdVELfNxJNTUb6B1DhhR4BJ/0/qzw3lnXlWgZyr9A7mxkBlR38RA20LIXO4\ny/p3sFJYlok8QhI36rjlv/P3Y2Nd7lXsnxjHMuAkZEuNZogCTJg6Xz/DeEqP3Nzz\nTGGtN4u40eS85+a28la0qGa2qjTPnu81HrHPGXtc/QKBgQD2QTyRjgH3bFIGgSUQ\nVH71aQzaweAR8TWW2/zwFUcgPQbLi/ay0JqOFRPHrAG2lNTEPFRQP0tNoFR4K1Dl\n/BvcSMuUnvMr7Y8+GFT4FS1zWDRoyQ+BHJbQQY8aGtlG05O4FcftweQOOsHEnjdP\n1Ix1ySGsqWbMDG/SOL+KkGCCTwKBgQDs1epsfX1n9r9Jgx8Mkh0dF6iqactyDQQV\nEHfxW1dbdjh4sjXx6yLCtALHDdpDy3Qz0ALC+OY5ifvNOcdN0myqNLhxXiNUrsbu\nSRqE2h5zsPuV6HiDvHVOQQWb9s7P3wmW1mIqmw5eQjV3mVjKRb0lMBKCLzEO9YxK\nLKiN8H3PHwKBgDI59heeBkqn3kcTWjLteQOnDIcl2gTu1MZTUlDJljs+Fz+26Xdp\nUsy+Ac3NCIBr9MWdpHjFoB9SH0hvVU3DUQ9qDZPfo6uHBZtdrR74es+24uGoeLAV\n27DYXk6twTlP+CYo0yFsVY6Nb24h8xgmOwvfHS4xUxU1SC1xg6fIcNbDAoGAAxfo\nL/KTqL/4T6V+ylM+PhsJAPDQz3SMERpd9rESuwcYRbtOKRLBKXngb2km6KvHoMWe\nw50spKPAvjV6/PE6qh52KkTogTqnLoWV6xZOP4SYRKT8rfvQLG18/USD/wMSxP2X\n2qab0W9b82v1VO8EQXAXTcwAAAoFAxMCQJhbjFECgYEAopVJcWdgtw6BiYPD8vpm\n/FiU2bcwJMlBHMRKn3JWVN9Y1tcQiJKHMMmihJwnqhiziEzshW2YcWLNfhkffUVM\nFyFEWbUo74ePKiB0t/fQINdwJKYfvzxBVqlfmawH5F/2QQ/R7MBSnUrGFF34E/d7\nMtBc/fkclXYCYPVOdGJWQ0k=\n-----END PRIVATE KEY-----\n",
            "public_key_fingerprint_md5": "ba:89:78:67:16:c2:c8:ce:86:2a:c7:48:e5:87:e4:be",
            "public_key_fingerprint_sha256": "SHA256:nCn3jzLnEWb9rQRwPdSrMaZ3A89jRcVaaTsFCQSk7as",
            "public_key_openssh": "ssh-rsa AAAAB3NzaC1yc2EAAAADAQABAAABAQDj0emdkZ4NX601Ftc+gcy855+NIHgcyDDZVDYBTZJqdG/X2NzbQ543bjB7lCfxRlwQsE5BxRwUjhQhk+6EVIvG17QtWr1s06jd188riauHNJqGR1hv+e1hOjcihh8fFhwgx6W0UnF9jAl07f+QjpI8Pdamr96MZKVGIvwhVhJx8yZppOfpBosgucd5PSKb2+iI9QWCHahaIjalaGm2n8zS+SbfjaXI363giog4v3mreL1BBpsk0cMcPnNLjyjF9gJ3TzNJvkyhhvZN4jDzhxtU93jeHZAhQMre34Y5pX6Audi2jiaw2R3QGYjcohTdDyN0UOlE6cLIU9wC01I1oKiR\n",
            "public_key_pem": "-----BEGIN PUBLIC KEY-----\nMIIBIjANBgkqhkiG9w0BAQEFAAOCAQ8AMIIBCgKCAQEA49HpnZGeDV+tNRbXPoHM\nvOefjSB4HMgw2VQ2AU2SanRv19jc20OeN24we5Qn8UZcELBOQcUcFI4UIZPuhFSL\nxte0LVq9bNOo3dfPK4mrhzSahkdYb/ntYTo3IoYfHxYcIMeltFJxfYwJdO3/kI6S\nPD3Wpq/ejGSlRiL8IVYScfMmaaTn6QaLILnHeT0im9voiPUFgh2oWiI2pWhptp/M\n0vkm342lyN+t4IqIOL95q3i9QQabJNHDHD5zS48oxfYCd08zSb5MoYb2TeIw84cb\nVPd43h2QIUDK3t+GOaV+gLnYto4msNkd0BmI3KIU3Q8jdFDpROnCyFPcAtNSNaCo\nkQIDAQAB\n-----END PUBLIC KEY-----\n",
            "rsa_bits": 2048
          },
          "sensitive_attributes": [
            [
              {
                "type": "get_attr",
                "value": "private_key_pem_pkcs8"
              }
            ],
            [
              {
                "type": "get_attr",
                "value": "private_key_openssh"
              }
            ],
            [
              {
                "type": "get_attr",
                "value": "private_key_pem"
              }
            ]
          ]
        }
      ]
    }
  ],
  "check_results": null
}
